
Microsoft Visual Studio Solution File, Format Version 12.00
# Visual Studio Version 17
VisualStudioVersion = 17.2.32630.192
MinimumVisualStudioVersion = 10.0.40219.1
Project("{FAE04EC0-301F-11D3-BF4B-00C04F79EFBC}") = "Project_Server", "Project_Server\Project_Server.csproj", "{F810BC0A-5524-44C0-BD7F-6E8824AAEC80}"
EndProject
Global
	GlobalSection(SolutionConfigurationPlatforms) = preSolution
		Debug|Any CPU = Debug|Any CPU
		Release|Any CPU = Release|Any CPU
	EndGlobalSection
	GlobalSection(ProjectConfigurationPlatforms) = postSolution
		{F810BC0A-5524-44C0-BD7F-6E8824AAEC80}.Debug|Any CPU.ActiveCfg = Debug|Any CPU
		{F810BC0A-5524-44C0-BD7F-6E8824AAEC80}.Debug|Any CPU.Build.0 = Debug|Any CPU
		{F810BC0A-5524-44C0-BD7F-6E8824AAEC80}.Release|Any CPU.ActiveCfg = Release|Any CPU
		{F810BC0A-5524-44C0-BD7F-6E8824AAEC80}.Release|Any CPU.Build.0 = Release|Any CPU
	EndGlobalSection
	GlobalSection(SolutionProperties) = preSolution
		HideSolutionNode = FALSE
	EndGlobalSection
	GlobalSection(ExtensibilityGlobals) = postSolution
		SolutionGuid = {347C2E75-0EB1-4835-B47D-09C7410CBE3A}
	EndGlobalSection
EndGlobal
